// !$*UTF8*$!
{
	archiveVersion = 1;
	classes = {
	};
	objectVersion = 50;
	objects = {

/* Begin PBXBuildFile section */
		A420553825E4AAA8003125BE /* Blue Dark.png in Resources */ = {isa = PBXBuildFile; fileRef = A420552F25E4AAA8003125BE /* Blue Dark.png */; };
		A420553925E4AAA8003125BE /* Green.png in Resources */ = {isa = PBXBuildFile; fileRef = A420553025E4AAA8003125BE /* Green.png */; };
		A420553A25E4AAA8003125BE /* Green Dark.png in Resources */ = {isa = PBXBuildFile; fileRef = A420553125E4AAA8003125BE /* Green Dark.png */; };
		A420553B25E4AAA8003125BE /* Pink.png in Resources */ = {isa = PBXBuildFile; fileRef = A420553225E4AAA8003125BE /* Pink.png */; };
		A420553C25E4AAA8003125BE /* Blue Light.png in Resources */ = {isa = PBXBuildFile; fileRef = A420553325E4AAA8003125BE /* Blue Light.png */; };
		A420553D25E4AAA9003125BE /* Blue.png in Resources */ = {isa = PBXBuildFile; fileRef = A420553425E4AAA8003125BE /* Blue.png */; };
		A420553E25E4AAA9003125BE /* Pink Dark.png in Resources */ = {isa = PBXBuildFile; fileRef = A420553525E4AAA8003125BE /* Pink Dark.png */; };
		A420553F25E4AAA9003125BE /* Green Light.png in Resources */ = {isa = PBXBuildFile; fileRef = A420553625E4AAA8003125BE /* Green Light.png */; };
		A420554025E4AAA9003125BE /* Pink Light.png in Resources */ = {isa = PBXBuildFile; fileRef = A420553725E4AAA8003125BE /* Pink Light.png */; };
		A455451725E35B370082EE31 /* FormRowStaticView.swift in Sources */ = {isa = PBXBuildFile; fileRef = A455451625E35B370082EE31 /* FormRowStaticView.swift */; };
		A455451A25E35CA80082EE31 /* FormRowLinkView.swift in Sources */ = {isa = PBXBuildFile; fileRef = A455451925E35CA80082EE31 /* FormRowLinkView.swift */; };
		A455452125E364D40082EE31 /* SettingsView.swift in Sources */ = {isa = PBXBuildFile; fileRef = A455452025E364D40082EE31 /* SettingsView.swift */; };
		A473174125DE19DB00027D29 /* EmptyListView.swift in Sources */ = {isa = PBXBuildFile; fileRef = A473174025DE19DB00027D29 /* EmptyListView.swift */; };
		A4B118D125DA1DF300D91470 /* AppDelegate.swift in Sources */ = {isa = PBXBuildFile; fileRef = A4B118D025DA1DF300D91470 /* AppDelegate.swift */; };
		A4B118D325DA1DF300D91470 /* SceneDelegate.swift in Sources */ = {isa = PBXBuildFile; fileRef = A4B118D225DA1DF300D91470 /* SceneDelegate.swift */; };
		A4B118D525DA1DF300D91470 /* ContentView.swift in Sources */ = {isa = PBXBuildFile; fileRef = A4B118D425DA1DF300D91470 /* ContentView.swift */; };
		A4B118D825DA1DF300D91470 /* Todo_App.xcdatamodeld in Sources */ = {isa = PBXBuildFile; fileRef = A4B118D625DA1DF300D91470 /* Todo_App.xcdatamodeld */; };
		A4B118DA25DA1DF500D91470 /* Assets.xcassets in Resources */ = {isa = PBXBuildFile; fileRef = A4B118D925DA1DF500D91470 /* Assets.xcassets */; };
		A4B118DD25DA1DF500D91470 /* Preview Assets.xcassets in Resources */ = {isa = PBXBuildFile; fileRef = A4B118DC25DA1DF500D91470 /* Preview Assets.xcassets */; };
		A4B118E025DA1DF500D91470 /* LaunchScreen.storyboard in Resources */ = {isa = PBXBuildFile; fileRef = A4B118DE25DA1DF500D91470 /* LaunchScreen.storyboard */; };
		A4B118EA25DA1F0600D91470 /* AddTodoView.swift in Sources */ = {isa = PBXBuildFile; fileRef = A4B118E925DA1F0600D91470 /* AddTodoView.swift */; };
/* End PBXBuildFile section */

/* Begin PBXFileReference section */
		A420552F25E4AAA8003125BE /* Blue Dark.png */ = {isa = PBXFileReference; lastKnownFileType = image.png; path = "Blue Dark.png"; sourceTree = "<group>"; };
		A420553025E4AAA8003125BE /* Green.png */ = {isa = PBXFileReference; lastKnownFileType = image.png; path = Green.png; sourceTree = "<group>"; };
		A420553125E4AAA8003125BE /* Green Dark.png */ = {isa = PBXFileReference; lastKnownFileType = image.png; path = "Green Dark.png"; sourceTree = "<group>"; };
		A420553225E4AAA8003125BE /* Pink.png */ = {isa = PBXFileReference; lastKnownFileType = image.png; path = Pink.png; sourceTree = "<group>"; };
		A420553325E4AAA8003125BE /* Blue Light.png */ = {isa = PBXFileReference; lastKnownFileType = image.png; path = "Blue Light.png"; sourceTree = "<group>"; };
		A420553425E4AAA8003125BE /* Blue.png */ = {isa = PBXFileReference; lastKnownFileType = image.png; path = Blue.png; sourceTree = "<group>"; };
		A420553525E4AAA8003125BE /* Pink Dark.png */ = {isa = PBXFileReference; lastKnownFileType = image.png; path = "Pink Dark.png"; sourceTree = "<group>"; };
		A420553625E4AAA8003125BE /* Green Light.png */ = {isa = PBXFileReference; lastKnownFileType = image.png; path = "Green Light.png"; sourceTree = "<group>"; };
		A420553725E4AAA8003125BE /* Pink Light.png */ = {isa = PBXFileReference; lastKnownFileType = image.png; path = "Pink Light.png"; sourceTree = "<group>"; };
		A455451625E35B370082EE31 /* FormRowStaticView.swift */ = {isa = PBXFileReference; lastKnownFileType = sourcecode.swift; path = FormRowStaticView.swift; sourceTree = "<group>"; };
		A455451925E35CA80082EE31 /* FormRowLinkView.swift */ = {isa = PBXFileReference; lastKnownFileType = sourcecode.swift; path = FormRowLinkView.swift; sourceTree = "<group>"; };
		A455452025E364D40082EE31 /* SettingsView.swift */ = {isa = PBXFileReference; lastKnownFileType = sourcecode.swift; path = SettingsView.swift; sourceTree = "<group>"; };
		A473174025DE19DB00027D29 /* EmptyListView.swift */ = {isa = PBXFileReference; lastKnownFileType = sourcecode.swift; path = EmptyListView.swift; sourceTree = "<group>"; };
		A4B118CD25DA1DF300D91470 /* Todo App.app */ = {isa = PBXFileReference; explicitFileType = wrapper.application; includeInIndex = 0; path = "Todo App.app"; sourceTree = BUILT_PRODUCTS_DIR; };
		A4B118D025DA1DF300D91470 /* AppDelegate.swift */ = {isa = PBXFileReference; lastKnownFileType = sourcecode.swift; path = AppDelegate.swift; sourceTree = "<group>"; };
		A4B118D225DA1DF300D91470 /* SceneDelegate.swift */ = {isa = PBXFileReference; lastKnownFileType = sourcecode.swift; path = SceneDelegate.swift; sourceTree = "<group>"; };
		A4B118D425DA1DF300D91470 /* ContentView.swift */ = {isa = PBXFileReference; lastKnownFileType = sourcecode.swift; path = ContentView.swift; sourceTree = "<group>"; };
		A4B118D725DA1DF300D91470 /* Todo_App.xcdatamodel */ = {isa = PBXFileReference; lastKnownFileType = wrapper.xcdatamodel; path = Todo_App.xcdatamodel; sourceTree = "<group>"; };
		A4B118D925DA1DF500D91470 /* Assets.xcassets */ = {isa = PBXFileReference; lastKnownFileType = folder.assetcatalog; path = Assets.xcassets; sourceTree = "<group>"; };
		A4B118DC25DA1DF500D91470 /* Preview Assets.xcassets */ = {isa = PBXFileReference; lastKnownFileType = folder.assetcatalog; path = "Preview Assets.xcassets"; sourceTree = "<group>"; };
		A4B118DF25DA1DF500D91470 /* Base */ = {isa = PBXFileReference; lastKnownFileType = file.storyboard; name = Base; path = Base.lproj/LaunchScreen.storyboard; sourceTree = "<group>"; };
		A4B118E125DA1DF600D91470 /* Info.plist */ = {isa = PBXFileReference; lastKnownFileType = text.plist.xml; path = Info.plist; sourceTree = "<group>"; };
		A4B118E925DA1F0600D91470 /* AddTodoView.swift */ = {isa = PBXFileReference; lastKnownFileType = sourcecode.swift; path = AddTodoView.swift; sourceTree = "<group>"; };
/* End PBXFileReference section */

/* Begin PBXFrameworksBuildPhase section */
		A4B118CA25DA1DF300D91470 /* Frameworks */ = {
			isa = PBXFrameworksBuildPhase;
			buildActionMask = 2147483647;
			files = (
			);
			runOnlyForDeploymentPostprocessing = 0;
		};
/* End PBXFrameworksBuildPhase section */

/* Begin PBXGroup section */
		A420552E25E4AA63003125BE /* Icons */ = {
			isa = PBXGroup;
			children = (
				A420552F25E4AAA8003125BE /* Blue Dark.png */,
				A420553325E4AAA8003125BE /* Blue Light.png */,
				A420553425E4AAA8003125BE /* Blue.png */,
				A420553125E4AAA8003125BE /* Green Dark.png */,
				A420553625E4AAA8003125BE /* Green Light.png */,
				A420553025E4AAA8003125BE /* Green.png */,
				A420553525E4AAA8003125BE /* Pink Dark.png */,
				A420553725E4AAA8003125BE /* Pink Light.png */,
				A420553225E4AAA8003125BE /* Pink.png */,
			);
			path = Icons;
			sourceTree = "<group>";
		};
		A4B118C425DA1DF300D91470 = {
			isa = PBXGroup;
			children = (
				A4B118CF25DA1DF300D91470 /* Todo App */,
				A4B118CE25DA1DF300D91470 /* Products */,
			);
			sourceTree = "<group>";
		};
		A4B118CE25DA1DF300D91470 /* Products */ = {
			isa = PBXGroup;
			children = (
				A4B118CD25DA1DF300D91470 /* Todo App.app */,
			);
			name = Products;
			sourceTree = "<group>";
		};
		A4B118CF25DA1DF300D91470 /* Todo App */ = {
			isa = PBXGroup;
			children = (
				A420552E25E4AA63003125BE /* Icons */,
				A4B118E825DA1E7400D91470 /* View */,
				A4B118D025DA1DF300D91470 /* AppDelegate.swift */,
				A4B118D225DA1DF300D91470 /* SceneDelegate.swift */,
				A4B118D925DA1DF500D91470 /* Assets.xcassets */,
				A4B118DE25DA1DF500D91470 /* LaunchScreen.storyboard */,
				A4B118E125DA1DF600D91470 /* Info.plist */,
				A4B118D625DA1DF300D91470 /* Todo_App.xcdatamodeld */,
				A4B118DB25DA1DF500D91470 /* Preview Content */,
			);
			path = "Todo App";
			sourceTree = "<group>";
		};
		A4B118DB25DA1DF500D91470 /* Preview Content */ = {
			isa = PBXGroup;
			children = (
				A4B118DC25DA1DF500D91470 /* Preview Assets.xcassets */,
			);
			path = "Preview Content";
			sourceTree = "<group>";
		};
		A4B118E825DA1E7400D91470 /* View */ = {
			isa = PBXGroup;
			children = (
				A4B118D425DA1DF300D91470 /* ContentView.swift */,
				A4B118E925DA1F0600D91470 /* AddTodoView.swift */,
				A473174025DE19DB00027D29 /* EmptyListView.swift */,
				A455451625E35B370082EE31 /* FormRowStaticView.swift */,
				A455451925E35CA80082EE31 /* FormRowLinkView.swift */,
				A455452025E364D40082EE31 /* SettingsView.swift */,
			);
			path = View;
			sourceTree = "<group>";
		};
/* End PBXGroup section */

/* Begin PBXNativeTarget section */
		A4B118CC25DA1DF300D91470 /* Todo App */ = {
			isa = PBXNativeTarget;
			buildConfigurationList = A4B118E425DA1DF600D91470 /* Build configuration list for PBXNativeTarget "Todo App" */;
			buildPhases = (
				A4B118C925DA1DF300D91470 /* Sources */,
				A4B118CA25DA1DF300D91470 /* Frameworks */,
				A4B118CB25DA1DF300D91470 /* Resources */,
			);
			buildRules = (
			);
			dependencies = (
			);
			name = "Todo App";
			productName = "Todo App";
			productReference = A4B118CD25DA1DF300D91470 /* Todo App.app */;
			productType = "com.apple.product-type.application";
		};
/* End PBXNativeTarget section */

/* Begin PBXProject section */
		A4B118C525DA1DF300D91470 /* Project object */ = {
			isa = PBXProject;
			attributes = {
				LastSwiftUpdateCheck = 1240;
				LastUpgradeCheck = 1240;
				TargetAttributes = {
					A4B118CC25DA1DF300D91470 = {
						CreatedOnToolsVersion = 12.4;
					};
				};
			};
			buildConfigurationList = A4B118C825DA1DF300D91470 /* Build configuration list for PBXProject "Todo App" */;
			compatibilityVersion = "Xcode 9.3";
			developmentRegion = en;
			hasScannedForEncodings = 0;
			knownRegions = (
				en,
				Base,
			);
			mainGroup = A4B118C425DA1DF300D91470;
			productRefGroup = A4B118CE25DA1DF300D91470 /* Products */;
			projectDirPath = "";
			projectRoot = "";
			targets = (
				A4B118CC25DA1DF300D91470 /* Todo App */,
			);
		};
/* End PBXProject section */

/* Begin PBXResourcesBuildPhase section */
		A4B118CB25DA1DF300D91470 /* Resources */ = {
			isa = PBXResourcesBuildPhase;
			buildActionMask = 2147483647;
			files = (
				A420553D25E4AAA9003125BE /* Blue.png in Resources */,
				A420553A25E4AAA8003125BE /* Green Dark.png in Resources */,
				A420553C25E4AAA8003125BE /* Blue Light.png in Resources */,
				A4B118E025DA1DF500D91470 /* LaunchScreen.storyboard in Resources */,
				A420553E25E4AAA9003125BE /* Pink Dark.png in Resources */,
				A4B118DD25DA1DF500D91470 /* Preview Assets.xcassets in Resources */,
				A420553825E4AAA8003125BE /* Blue Dark.png in Resources */,
				A4B118DA25DA1DF500D91470 /* Assets.xcassets in Resources */,
				A420553F25E4AAA9003125BE /* Green Light.png in Resources */,
				A420553925E4AAA8003125BE /* Green.png in Resources */,
				A420553B25E4AAA8003125BE /* Pink.png in Resources */,
				A420554025E4AAA9003125BE /* Pink Light.png in Resources */,
			);
			runOnlyForDeploymentPostprocessing = 0;
		};
/* End PBXResourcesBuildPhase section */

/* Begin PBXSourcesBuildPhase section */
		A4B118C925DA1DF300D91470 /* Sources */ = {
			isa = PBXSourcesBuildPhase;
			buildActionMask = 2147483647;
			files = (
				A455451725E35B370082EE31 /* FormRowStaticView.swift in Sources */,
				A4B118D125DA1DF300D91470 /* AppDelegate.swift in Sources */,
				A4B118D325DA1DF300D91470 /* SceneDelegate.swift in Sources */,
				A455452125E364D40082EE31 /* SettingsView.swift in Sources */,
				A473174125DE19DB00027D29 /* EmptyListView.swift in Sources */,
				A4B118D525DA1DF300D91470 /* ContentView.swift in Sources */,
				A455451A25E35CA80082EE31 /* FormRowLinkView.swift in Sources */,
				A4B118D825DA1DF300D91470 /* Todo_App.xcdatamodeld in Sources */,
				A4B118EA25DA1F0600D91470 /* AddTodoView.swift in Sources */,
			);
			runOnlyForDeploymentPostprocessing = 0;
		};
/* End PBXSourcesBuildPhase section */

/* Begin PBXVariantGroup section */
		A4B118DE25DA1DF500D91470 /* LaunchScreen.storyboard */ = {
			isa = PBXVariantGroup;
			children = (
				A4B118DF25DA1DF500D91470 /* Base */,
			);
			name = LaunchScreen.storyboard;
			sourceTree = "<group>";
		};
/* End PBXVariantGroup section */

/* Begin XCBuildConfiguration section */
		A4B118E225DA1DF600D91470 /* Debug */ = {
			isa = XCBuildConfiguration;
			buildSettings = {
				ALWAYS_SEARCH_USER_PATHS = NO;
				CLANG_ANALYZER_NONNULL = YES;
				CLANG_ANALYZER_NUMBER_OBJECT_CONVERSION = YES_AGGRESSIVE;
				CLANG_CXX_LANGUAGE_STANDARD = "gnu++14";
				CLANG_CXX_LIBRARY = "libc++";
				CLANG_ENABLE_MODULES = YES;
				CLANG_ENABLE_OBJC_ARC = YES;
				CLANG_ENABLE_OBJC_WEAK = YES;
				CLANG_WARN_BLOCK_CAPTURE_AUTORELEASING = YES;
				CLANG_WARN_BOOL_CONVERSION = YES;
				CLANG_WARN_COMMA = YES;
				CLANG_WARN_CONSTANT_CONVERSION = YES;
				CLANG_WARN_DEPRECATED_OBJC_IMPLEMENTATIONS = YES;
				CLANG_WARN_DIRECT_OBJC_ISA_USAGE = YES_ERROR;
				CLANG_WARN_DOCUMENTATION_COMMENTS = YES;
				CLANG_WARN_EMPTY_BODY = YES;
				CLANG_WARN_ENUM_CONVERSION = YES;
				CLANG_WARN_INFINITE_RECURSION = YES;
				CLANG_WARN_INT_CONVERSION = YES;
				CLANG_WARN_NON_LITERAL_NULL_CONVERSION = YES;
				CLANG_WARN_OBJC_IMPLICIT_RETAIN_SELF = YES;
				CLANG_WARN_OBJC_LITERAL_CONVERSION = YES;
				CLANG_WARN_OBJC_ROOT_CLASS = YES_ERROR;
				CLANG_WARN_QUOTED_INCLUDE_IN_FRAMEWORK_HEADER = YES;
				CLANG_WARN_RANGE_LOOP_ANALYSIS = YES;
				CLANG_WARN_STRICT_PROTOTYPES = YES;
				CLANG_WARN_SUSPICIOUS_MOVE = YES;
				CLANG_WARN_UNGUARDED_AVAILABILITY = YES_AGGRESSIVE;
				CLANG_WARN_UNREACHABLE_CODE = YES;
				CLANG_WARN__DUPLICATE_METHOD_MATCH = YES;
				COPY_PHASE_STRIP = NO;
				DEBUG_INFORMATION_FORMAT = dwarf;
				ENABLE_STRICT_OBJC_MSGSEND = YES;
				ENABLE_TESTABILITY = YES;
				GCC_C_LANGUAGE_STANDARD = gnu11;
				GCC_DYNAMIC_NO_PIC = NO;
				GCC_NO_COMMON_BLOCKS = YES;
				GCC_OPTIMIZATION_LEVEL = 0;
				GCC_PREPROCESSOR_DEFINITIONS = (
					"DEBUG=1",
					"$(inherited)",
				);
				GCC_WARN_64_TO_32_BIT_CONVERSION = YES;
				GCC_WARN_ABOUT_RETURN_TYPE = YES_ERROR;
				GCC_WARN_UNDECLARED_SELECTOR = YES;
				GCC_WARN_UNINITIALIZED_AUTOS = YES_AGGRESSIVE;
				GCC_WARN_UNUSED_FUNCTION = YES;
				GCC_WARN_UNUSED_VARIABLE = YES;
				IPHONEOS_DEPLOYMENT_TARGET = 14.4;
				MTL_ENABLE_DEBUG_INFO = INCLUDE_SOURCE;
				MTL_FAST_MATH = YES;
				ONLY_ACTIVE_ARCH = YES;
				SDKROOT = iphoneos;
				SWIFT_ACTIVE_COMPILATION_CONDITIONS = DEBUG;
				SWIFT_OPTIMIZATION_LEVEL = "-Onone";
			};
			name = Debug;
		};
		A4B118E325DA1DF600D91470 /* Release */ = {
			isa = XCBuildConfiguration;
			buildSettings = {
				ALWAYS_SEARCH_USER_PATHS = NO;
				CLANG_ANALYZER_NONNULL = YES;
				CLANG_ANALYZER_NUMBER_OBJECT_CONVERSION = YES_AGGRESSIVE;
				CLANG_CXX_LANGUAGE_STANDARD = "gnu++14";
				CLANG_CXX_LIBRARY = "libc++";
				CLANG_ENABLE_MODULES = YES;
				CLANG_ENABLE_OBJC_ARC = YES;
				CLANG_ENABLE_OBJC_WEAK = YES;
				CLANG_WARN_BLOCK_CAPTURE_AUTORELEASING = YES;
				CLANG_WARN_BOOL_CONVERSION = YES;
				CLANG_WARN_COMMA = YES;
				CLANG_WARN_CONSTANT_CONVERSION = YES;
				CLANG_WARN_DEPRECATED_OBJC_IMPLEMENTATIONS = YES;
				CLANG_WARN_DIRECT_OBJC_ISA_USAGE = YES_ERROR;
				CLANG_WARN_DOCUMENTATION_COMMENTS = YES;
				CLANG_WARN_EMPTY_BODY = YES;
				CLANG_WARN_ENUM_CONVERSION = YES;
				CLANG_WARN_INFINITE_RECURSION = YES;
				CLANG_WARN_INT_CONVERSION = YES;
				CLANG_WARN_NON_LITERAL_NULL_CONVERSION = YES;
				CLANG_WARN_OBJC_IMPLICIT_RETAIN_SELF = YES;
				CLANG_WARN_OBJC_LITERAL_CONVERSION = YES;
				CLANG_WARN_OBJC_ROOT_CLASS = YES_ERROR;
				CLANG_WARN_QUOTED_INCLUDE_IN_FRAMEWORK_HEADER = YES;
				CLANG_WARN_RANGE_LOOP_ANALYSIS = YES;
				CLANG_WARN_STRICT_PROTOTYPES = YES;
				CLANG_WARN_SUSPICIOUS_MOVE = YES;
				CLANG_WARN_UNGUARDED_AVAILABILITY = YES_AGGRESSIVE;
				CLANG_WARN_UNREACHABLE_CODE = YES;
				CLANG_WARN__DUPLICATE_METHOD_MATCH = YES;
				COPY_PHASE_STRIP = NO;
				DEBUG_INFORMATION_FORMAT = "dwarf-with-dsym";
				ENABLE_NS_ASSERTIONS = NO;
				ENABLE_STRICT_OBJC_MSGSEND = YES;
				GCC_C_LANGUAGE_STANDARD = gnu11;
				GCC_NO_COMMON_BLOCKS = YES;
				GCC_WARN_64_TO_32_BIT_CONVERSION = YES;
				GCC_WARN_ABOUT_RETURN_TYPE = YES_ERROR;
				GCC_WARN_UNDECLARED_SELECTOR = YES;
				GCC_WARN_UNINITIALIZED_AUTOS = YES_AGGRESSIVE;
				GCC_WARN_UNUSED_FUNCTION = YES;
				GCC_WARN_UNUSED_VARIABLE = YES;
				IPHONEOS_DEPLOYMENT_TARGET = 14.4;
				MTL_ENABLE_DEBUG_INFO = NO;
				MTL_FAST_MATH = YES;
				SDKROOT = iphoneos;
				SWIFT_COMPILATION_MODE = wholemodule;
				SWIFT_OPTIMIZATION_LEVEL = "-O";
				VALIDATE_PRODUCT = YES;
			};
			name = Release;
		};
		A4B118E525DA1DF600D91470 /* Debug */ = {
			isa = XCBuildConfiguration;
			buildSettings = {
				ASSETCATALOG_COMPILER_APPICON_NAME = AppIcon;
				ASSETCATALOG_COMPILER_GLOBAL_ACCENT_COLOR_NAME = AccentColor;
				CODE_SIGN_STYLE = Automatic;
				DEVELOPMENT_ASSET_PATHS = "\"Todo App/Preview Content\"";
				DEVELOPMENT_TEAM = N9L2BN72PN;
				ENABLE_PREVIEWS = YES;
				INFOPLIST_FILE = "Todo App/Info.plist";
				LD_RUNPATH_SEARCH_PATHS = (
					"$(inherited)",
					"@executable_path/Frameworks",
				);
				PRODUCT_BUNDLE_IDENTIFIER = "GROWDEV.Todo-App";
				PRODUCT_NAME = "$(TARGET_NAME)";
				SWIFT_VERSION = 5.0;
				TARGETED_DEVICE_FAMILY = "1,2";
			};
			name = Debug;
		};
		A4B118E625DA1DF600D91470 /* Release */ = {
			isa = XCBuildConfiguration;
			buildSettings = {
				ASSETCATALOG_COMPILER_APPICON_NAME = AppIcon;
				ASSETCATALOG_COMPILER_GLOBAL_ACCENT_COLOR_NAME = AccentColor;
				CODE_SIGN_STYLE = Automatic;
				DEVELOPMENT_ASSET_PATHS = "\"Todo App/Preview Content\"";
				DEVELOPMENT_TEAM = N9L2BN72PN;
				ENABLE_PREVIEWS = YES;
				INFOPLIST_FILE = "Todo App/Info.plist";
				LD_RUNPATH_SEARCH_PATHS = (
					"$(inherited)",
					"@executable_path/Frameworks",
				);
				PRODUCT_BUNDLE_IDENTIFIER = "GROWDEV.Todo-App";
				PRODUCT_NAME = "$(TARGET_NAME)";
				SWIFT_VERSION = 5.0;
				TARGETED_DEVICE_FAMILY = "1,2";
			};
			name = Release;
		};
/* End XCBuildConfiguration section */

/* Begin XCConfigurationList section */
		A4B118C825DA1DF300D91470 /* Build configuration list for PBXProject "Todo App" */ = {
			isa = XCConfigurationList;
			buildConfigurations = (
				A4B118E225DA1DF600D91470 /* Debug */,
				A4B118E325DA1DF600D91470 /* Release */,
			);
			defaultConfigurationIsVisible = 0;
			defaultConfigurationName = Release;
		};
		A4B118E425DA1DF600D91470 /* Build configuration list for PBXNativeTarget "Todo App" */ = {
			isa = XCConfigurationList;
			buildConfigurations = (
				A4B118E525DA1DF600D91470 /* Debug */,
				A4B118E625DA1DF600D91470 /* Release */,
			);
			defaultConfigurationIsVisible = 0;
			defaultConfigurationName = Release;
		};
/* End XCConfigurationList section */

/* Begin XCVersionGroup section */
		A4B118D625DA1DF300D91470 /* Todo_App.xcdatamodeld */ = {
			isa = XCVersionGroup;
			children = (
				A4B118D725DA1DF300D91470 /* Todo_App.xcdatamodel */,
			);
			currentVersion = A4B118D725DA1DF300D91470 /* Todo_App.xcdatamodel */;
			path = Todo_App.xcdatamodeld;
			sourceTree = "<group>";
			versionGroupType = wrapper.xcdatamodel;
		};
/* End XCVersionGroup section */
	};
	rootObject = A4B118C525DA1DF300D91470 /* Project object */;
}
